
Microsoft Visual Studio Solution File, Format Version 12.00
# Visual Studio Version 16
VisualStudioVersion = 16.0.30011.22
MinimumVisualStudioVersion = 10.0.40219.1
Project("{9A19103F-16F7-4668-BE54-9A1E7A4F7556}") = "EM.Cloud.CMS.API", "EM.Cloud.CMS.API\EM.Cloud.CMS.API.csproj", "{FCAA11F6-42B7-4E56-A250-E8C0742FD83A}"
EndProject
Project("{2150E333-8FDC-42A3-9474-1A3956D46DE8}") = "Data", "Data", "{741703AA-F84B-4F6E-B966-FF5CD89AFBD5}"
EndProject
Project("{2150E333-8FDC-42A3-9474-1A3956D46DE8}") = "Core", "Core", "{BEDCC8A8-544C-46DF-AF07-93509A224381}"
EndProject
Project("{9A19103F-16F7-4668-BE54-9A1E7A4F7556}") = "EM.Cloud.Core", "EM.Cloud.Core\EM.Cloud.Core.csproj", "{D31F9C00-7E70-45FA-874A-7F8CBEE67CDB}"
EndProject
Project("{9A19103F-16F7-4668-BE54-9A1E7A4F7556}") = "EM.Cloud.Data.YesSql", "EM.Cloud.Data.YesSql\EM.Cloud.Data.YesSql.csproj", "{7C1D544E-15E0-4EC6-9408-E4C3ED717221}"
EndProject
Project("{9A19103F-16F7-4668-BE54-9A1E7A4F7556}") = "EM.Cloud.Data.EF", "EM.Cloud.Data.EF\EM.Cloud.Data.EF.csproj", "{0CC23824-8181-4CB6-8C7A-9F8B57EE10F0}"
EndProject
Project("{9A19103F-16F7-4668-BE54-9A1E7A4F7556}") = "EM.Cloud.Data.Dapper", "EM.CloudData.Dapper\EM.Cloud.Data.Dapper.csproj", "{707493AD-BF89-461A-B59B-F04FC3E51B00}"
EndProject
Project("{9A19103F-16F7-4668-BE54-9A1E7A4F7556}") = "EM.Cloud.Core.Notifications", "EM.Cloud.Core.Notifications\EM.Cloud.Core.Notifications.csproj", "{3F970349-77EA-4FE5-BBAD-CC96BB19EC8A}"
EndProject
Project("{2150E333-8FDC-42A3-9474-1A3956D46DE8}") = "Functions", "Functions", "{F9ADD492-5E93-4E6B-A980-9E31382C7B9F}"
EndProject
Project("{9A19103F-16F7-4668-BE54-9A1E7A4F7556}") = "EM.Cloud.Data.Entities", "EM.Cloud.Data.Entities\EM.Cloud.Data.Entities.csproj", "{FCC600D3-9042-4927-A2D5-293725C5680E}"
EndProject
Project("{9A19103F-16F7-4668-BE54-9A1E7A4F7556}") = "EM.Cloud.Functions", "EM.Cloud.Functions\EM.Cloud.Functions.csproj", "{7C4C5ABC-47D6-44B6-BEF3-7D32BE5F6DD0}"
EndProject
Project("{9A19103F-16F7-4668-BE54-9A1E7A4F7556}") = "EM.Cloud.Core.SignalR", "EM.Cloud.Core.SignalR\EM.Cloud.Core.SignalR.csproj", "{8FA397BE-C8EE-4BD8-85E2-A7754568758F}"
EndProject
Project("{9A19103F-16F7-4668-BE54-9A1E7A4F7556}") = "EM.Cloud.Core.GraphQL", "EM.Cloud.Core.GraphQL\EM.Cloud.Core.GraphQL.csproj", "{DC5FD84F-97BD-4422-A5FE-06E21483D823}"
EndProject
Project("{2150E333-8FDC-42A3-9474-1A3956D46DE8}") = "ServiceFabric", "ServiceFabric", "{7DF56E08-1AFF-4801-9645-E89F9B3F8240}"
EndProject
Project("{A07B5EB6-E848-4116-A8D0-A826331D98C6}") = "EM.Cloud.ServiceFabric", "EM.Cloud.ServiceFabric\EM.Cloud.ServiceFabric.sfproj", "{C681BDC3-820C-4FBF-B11E-82D3547FD625}"
EndProject
Project("{9A19103F-16F7-4668-BE54-9A1E7A4F7556}") = "Stateless1", "Stateless1\Stateless1.csproj", "{ED45FA51-8509-41DB-BE29-ABFFC1C2FF95}"
EndProject
Project("{FAE04EC0-301F-11D3-BF4B-00C04F79EFBC}") = "EM.Cloud.Core.CognativeServices", "EM.Cloud.Core.CognativeServices\EM.Cloud.Core.CognativeServices.csproj", "{44AD0D80-681F-44B5-B216-F960F5A28A84}"
EndProject
Project("{2150E333-8FDC-42A3-9474-1A3956D46DE8}") = "gRPC_Services", "gRPC_Services", "{253DD54B-EADF-4235-BD55-5A8986C10554}"
EndProject
Project("{FAE04EC0-301F-11D3-BF4B-00C04F79EFBC}") = "EM.Cloud.gRPCService", "EM.Cloud.gRPCService\EM.Cloud.gRPCService.csproj", "{2AFC7987-8F72-4D17-A947-C031E68D73AB}"
EndProject
Project("{FAE04EC0-301F-11D3-BF4B-00C04F79EFBC}") = "EM.Cloud.Core.TPL", "EM.Cloud.Core.TPL\EM.Cloud.Core.TPL.csproj", "{FDF5EA39-C0B5-4FFA-8E02-286380D150F0}"
EndProject
Project("{2150E333-8FDC-42A3-9474-1A3956D46DE8}") = "Tests", "Tests", "{BB7401FD-7D16-4EBF-9E8E-D4F660DEDE77}"
EndProject
Project("{FAE04EC0-301F-11D3-BF4B-00C04F79EFBC}") = "EM.Cloud.Tests", "EM.Cloud.Tests\EM.Cloud.Tests.csproj", "{29F34F0E-BF22-4AFC-BC7A-EF78D597BFED}"
EndProject
Project("{2150E333-8FDC-42A3-9474-1A3956D46DE8}") = "Blazor", "Blazor", "{154B79FE-56D6-4F29-ACB0-B2EA2ED3386A}"
EndProject
Project("{FAE04EC0-301F-11D3-BF4B-00C04F79EFBC}") = "EM.Cloud.CMS.Blazor.Server", "EM.Cloud.CMS.Blazor.Server\EM.Cloud.CMS.Blazor.Server.csproj", "{949CAF22-A43D-4EC3-897F-420D3672AB37}"
EndProject
Project("{FAE04EC0-301F-11D3-BF4B-00C04F79EFBC}") = "EM.Cloud.CMS.Blazor.WebAssembly.Server", "EM.Cloud.CMS.Blazor.WebAssembly\Server\EM.Cloud.CMS.Blazor.WebAssembly.Server.csproj", "{ED54EB77-834E-4E48-8062-5308085033EB}"
EndProject
Project("{FAE04EC0-301F-11D3-BF4B-00C04F79EFBC}") = "EM.Cloud.CMS.Blazor.WebAssembly.Client", "EM.Cloud.CMS.Blazor.WebAssembly\Client\EM.Cloud.CMS.Blazor.WebAssembly.Client.csproj", "{1C072137-2771-426D-B347-4DC5C3A8EBE2}"
EndProject
Project("{FAE04EC0-301F-11D3-BF4B-00C04F79EFBC}") = "EM.Cloud.CMS.Blazor.WebAssembly.Shared", "EM.Cloud.CMS.Blazor.WebAssembly\Shared\EM.Cloud.CMS.Blazor.WebAssembly.Shared.csproj", "{03C7C4C2-6AF6-410B-9B99-12579D2764EF}"
EndProject
Project("{FAE04EC0-301F-11D3-BF4B-00C04F79EFBC}") = "EM.Cloud.Data.Console", "EM.Cloud.Data.Console\EM.Cloud.Data.Console.csproj", "{88A8A6FE-B678-4DC9-8757-5B4E915B19D0}"
EndProject
Global
	GlobalSection(SolutionConfigurationPlatforms) = preSolution
		Debug|Any CPU = Debug|Any CPU
		Debug|x64 = Debug|x64
		Release|Any CPU = Release|Any CPU
		Release|x64 = Release|x64
	EndGlobalSection
	GlobalSection(ProjectConfigurationPlatforms) = postSolution
		{FCAA11F6-42B7-4E56-A250-E8C0742FD83A}.Debug|Any CPU.ActiveCfg = Debug|Any CPU
		{FCAA11F6-42B7-4E56-A250-E8C0742FD83A}.Debug|Any CPU.Build.0 = Debug|Any CPU
		{FCAA11F6-42B7-4E56-A250-E8C0742FD83A}.Debug|x64.ActiveCfg = Debug|Any CPU
		{FCAA11F6-42B7-4E56-A250-E8C0742FD83A}.Debug|x64.Build.0 = Debug|Any CPU
		{FCAA11F6-42B7-4E56-A250-E8C0742FD83A}.Release|Any CPU.ActiveCfg = Release|Any CPU
		{FCAA11F6-42B7-4E56-A250-E8C0742FD83A}.Release|Any CPU.Build.0 = Release|Any CPU
		{FCAA11F6-42B7-4E56-A250-E8C0742FD83A}.Release|x64.ActiveCfg = Release|Any CPU
		{FCAA11F6-42B7-4E56-A250-E8C0742FD83A}.Release|x64.Build.0 = Release|Any CPU
		{D31F9C00-7E70-45FA-874A-7F8CBEE67CDB}.Debug|Any CPU.ActiveCfg = Debug|Any CPU
		{D31F9C00-7E70-45FA-874A-7F8CBEE67CDB}.Debug|Any CPU.Build.0 = Debug|Any CPU
		{D31F9C00-7E70-45FA-874A-7F8CBEE67CDB}.Debug|x64.ActiveCfg = Debug|Any CPU
		{D31F9C00-7E70-45FA-874A-7F8CBEE67CDB}.Debug|x64.Build.0 = Debug|Any CPU
		{D31F9C00-7E70-45FA-874A-7F8CBEE67CDB}.Release|Any CPU.ActiveCfg = Release|Any CPU
		{D31F9C00-7E70-45FA-874A-7F8CBEE67CDB}.Release|Any CPU.Build.0 = Release|Any CPU
		{D31F9C00-7E70-45FA-874A-7F8CBEE67CDB}.Release|x64.ActiveCfg = Release|Any CPU
		{D31F9C00-7E70-45FA-874A-7F8CBEE67CDB}.Release|x64.Build.0 = Release|Any CPU
		{7C1D544E-15E0-4EC6-9408-E4C3ED717221}.Debug|Any CPU.ActiveCfg = Debug|Any CPU
		{7C1D544E-15E0-4EC6-9408-E4C3ED717221}.Debug|Any CPU.Build.0 = Debug|Any CPU
		{7C1D544E-15E0-4EC6-9408-E4C3ED717221}.Debug|x64.ActiveCfg = Debug|Any CPU
		{7C1D544E-15E0-4EC6-9408-E4C3ED717221}.Debug|x64.Build.0 = Debug|Any CPU
		{7C1D544E-15E0-4EC6-9408-E4C3ED717221}.Release|Any CPU.ActiveCfg = Release|Any CPU
		{7C1D544E-15E0-4EC6-9408-E4C3ED717221}.Release|Any CPU.Build.0 = Release|Any CPU
		{7C1D544E-15E0-4EC6-9408-E4C3ED717221}.Release|x64.ActiveCfg = Release|Any CPU
		{7C1D544E-15E0-4EC6-9408-E4C3ED717221}.Release|x64.Build.0 = Release|Any CPU
		{0CC23824-8181-4CB6-8C7A-9F8B57EE10F0}.Debug|Any CPU.ActiveCfg = Debug|Any CPU
		{0CC23824-8181-4CB6-8C7A-9F8B57EE10F0}.Debug|Any CPU.Build.0 = Debug|Any CPU
		{0CC23824-8181-4CB6-8C7A-9F8B57EE10F0}.Debug|x64.ActiveCfg = Debug|Any CPU
		{0CC23824-8181-4CB6-8C7A-9F8B57EE10F0}.Debug|x64.Build.0 = Debug|Any CPU
		{0CC23824-8181-4CB6-8C7A-9F8B57EE10F0}.Release|Any CPU.ActiveCfg = Release|Any CPU
		{0CC23824-8181-4CB6-8C7A-9F8B57EE10F0}.Release|Any CPU.Build.0 = Release|Any CPU
		{0CC23824-8181-4CB6-8C7A-9F8B57EE10F0}.Release|x64.ActiveCfg = Release|Any CPU
		{0CC23824-8181-4CB6-8C7A-9F8B57EE10F0}.Release|x64.Build.0 = Release|Any CPU
		{707493AD-BF89-461A-B59B-F04FC3E51B00}.Debug|Any CPU.ActiveCfg = Debug|Any CPU
		{707493AD-BF89-461A-B59B-F04FC3E51B00}.Debug|Any CPU.Build.0 = Debug|Any CPU
		{707493AD-BF89-461A-B59B-F04FC3E51B00}.Debug|x64.ActiveCfg = Debug|Any CPU
		{707493AD-BF89-461A-B59B-F04FC3E51B00}.Debug|x64.Build.0 = Debug|Any CPU
		{707493AD-BF89-461A-B59B-F04FC3E51B00}.Release|Any CPU.ActiveCfg = Release|Any CPU
		{707493AD-BF89-461A-B59B-F04FC3E51B00}.Release|Any CPU.Build.0 = Release|Any CPU
		{707493AD-BF89-461A-B59B-F04FC3E51B00}.Release|x64.ActiveCfg = Release|Any CPU
		{707493AD-BF89-461A-B59B-F04FC3E51B00}.Release|x64.Build.0 = Release|Any CPU
		{3F970349-77EA-4FE5-BBAD-CC96BB19EC8A}.Debug|Any CPU.ActiveCfg = Debug|Any CPU
		{3F970349-77EA-4FE5-BBAD-CC96BB19EC8A}.Debug|Any CPU.Build.0 = Debug|Any CPU
		{3F970349-77EA-4FE5-BBAD-CC96BB19EC8A}.Debug|x64.ActiveCfg = Debug|Any CPU
		{3F970349-77EA-4FE5-BBAD-CC96BB19EC8A}.Debug|x64.Build.0 = Debug|Any CPU
		{3F970349-77EA-4FE5-BBAD-CC96BB19EC8A}.Release|Any CPU.ActiveCfg = Release|Any CPU
		{3F970349-77EA-4FE5-BBAD-CC96BB19EC8A}.Release|Any CPU.Build.0 = Release|Any CPU
		{3F970349-77EA-4FE5-BBAD-CC96BB19EC8A}.Release|x64.ActiveCfg = Release|Any CPU
		{3F970349-77EA-4FE5-BBAD-CC96BB19EC8A}.Release|x64.Build.0 = Release|Any CPU
		{FCC600D3-9042-4927-A2D5-293725C5680E}.Debug|Any CPU.ActiveCfg = Debug|Any CPU
		{FCC600D3-9042-4927-A2D5-293725C5680E}.Debug|Any CPU.Build.0 = Debug|Any CPU
		{FCC600D3-9042-4927-A2D5-293725C5680E}.Debug|x64.ActiveCfg = Debug|Any CPU
		{FCC600D3-9042-4927-A2D5-293725C5680E}.Debug|x64.Build.0 = Debug|Any CPU
		{FCC600D3-9042-4927-A2D5-293725C5680E}.Release|Any CPU.ActiveCfg = Release|Any CPU
		{FCC600D3-9042-4927-A2D5-293725C5680E}.Release|Any CPU.Build.0 = Release|Any CPU
		{FCC600D3-9042-4927-A2D5-293725C5680E}.Release|x64.ActiveCfg = Release|Any CPU
		{FCC600D3-9042-4927-A2D5-293725C5680E}.Release|x64.Build.0 = Release|Any CPU
		{7C4C5ABC-47D6-44B6-BEF3-7D32BE5F6DD0}.Debug|Any CPU.ActiveCfg = Debug|Any CPU
		{7C4C5ABC-47D6-44B6-BEF3-7D32BE5F6DD0}.Debug|Any CPU.Build.0 = Debug|Any CPU
		{7C4C5ABC-47D6-44B6-BEF3-7D32BE5F6DD0}.Debug|x64.ActiveCfg = Debug|Any CPU
		{7C4C5ABC-47D6-44B6-BEF3-7D32BE5F6DD0}.Debug|x64.Build.0 = Debug|Any CPU
		{7C4C5ABC-47D6-44B6-BEF3-7D32BE5F6DD0}.Release|Any CPU.ActiveCfg = Release|Any CPU
		{7C4C5ABC-47D6-44B6-BEF3-7D32BE5F6DD0}.Release|Any CPU.Build.0 = Release|Any CPU
		{7C4C5ABC-47D6-44B6-BEF3-7D32BE5F6DD0}.Release|x64.ActiveCfg = Release|Any CPU
		{7C4C5ABC-47D6-44B6-BEF3-7D32BE5F6DD0}.Release|x64.Build.0 = Release|Any CPU
		{8FA397BE-C8EE-4BD8-85E2-A7754568758F}.Debug|Any CPU.ActiveCfg = Debug|Any CPU
		{8FA397BE-C8EE-4BD8-85E2-A7754568758F}.Debug|Any CPU.Build.0 = Debug|Any CPU
		{8FA397BE-C8EE-4BD8-85E2-A7754568758F}.Debug|x64.ActiveCfg = Debug|Any CPU
		{8FA397BE-C8EE-4BD8-85E2-A7754568758F}.Debug|x64.Build.0 = Debug|Any CPU
		{8FA397BE-C8EE-4BD8-85E2-A7754568758F}.Release|Any CPU.ActiveCfg = Release|Any CPU
		{8FA397BE-C8EE-4BD8-85E2-A7754568758F}.Release|Any CPU.Build.0 = Release|Any CPU
		{8FA397BE-C8EE-4BD8-85E2-A7754568758F}.Release|x64.ActiveCfg = Release|Any CPU
		{8FA397BE-C8EE-4BD8-85E2-A7754568758F}.Release|x64.Build.0 = Release|Any CPU
		{DC5FD84F-97BD-4422-A5FE-06E21483D823}.Debug|Any CPU.ActiveCfg = Debug|Any CPU
		{DC5FD84F-97BD-4422-A5FE-06E21483D823}.Debug|Any CPU.Build.0 = Debug|Any CPU
		{DC5FD84F-97BD-4422-A5FE-06E21483D823}.Debug|x64.ActiveCfg = Debug|Any CPU
		{DC5FD84F-97BD-4422-A5FE-06E21483D823}.Debug|x64.Build.0 = Debug|Any CPU
		{DC5FD84F-97BD-4422-A5FE-06E21483D823}.Release|Any CPU.ActiveCfg = Release|Any CPU
		{DC5FD84F-97BD-4422-A5FE-06E21483D823}.Release|Any CPU.Build.0 = Release|Any CPU
		{DC5FD84F-97BD-4422-A5FE-06E21483D823}.Release|x64.ActiveCfg = Release|Any CPU
		{DC5FD84F-97BD-4422-A5FE-06E21483D823}.Release|x64.Build.0 = Release|Any CPU
		{C681BDC3-820C-4FBF-B11E-82D3547FD625}.Debug|Any CPU.ActiveCfg = Debug|x64
		{C681BDC3-820C-4FBF-B11E-82D3547FD625}.Debug|x64.ActiveCfg = Debug|x64
		{C681BDC3-820C-4FBF-B11E-82D3547FD625}.Debug|x64.Build.0 = Debug|x64
		{C681BDC3-820C-4FBF-B11E-82D3547FD625}.Debug|x64.Deploy.0 = Debug|x64
		{C681BDC3-820C-4FBF-B11E-82D3547FD625}.Release|Any CPU.ActiveCfg = Release|x64
		{C681BDC3-820C-4FBF-B11E-82D3547FD625}.Release|x64.ActiveCfg = Release|x64
		{C681BDC3-820C-4FBF-B11E-82D3547FD625}.Release|x64.Build.0 = Release|x64
		{C681BDC3-820C-4FBF-B11E-82D3547FD625}.Release|x64.Deploy.0 = Release|x64
		{ED45FA51-8509-41DB-BE29-ABFFC1C2FF95}.Debug|Any CPU.ActiveCfg = Debug|Any CPU
		{ED45FA51-8509-41DB-BE29-ABFFC1C2FF95}.Debug|Any CPU.Build.0 = Debug|Any CPU
		{ED45FA51-8509-41DB-BE29-ABFFC1C2FF95}.Debug|x64.ActiveCfg = Debug|Any CPU
		{ED45FA51-8509-41DB-BE29-ABFFC1C2FF95}.Debug|x64.Build.0 = Debug|Any CPU
		{ED45FA51-8509-41DB-BE29-ABFFC1C2FF95}.Release|Any CPU.ActiveCfg = Release|Any CPU
		{ED45FA51-8509-41DB-BE29-ABFFC1C2FF95}.Release|Any CPU.Build.0 = Release|Any CPU
		{ED45FA51-8509-41DB-BE29-ABFFC1C2FF95}.Release|x64.ActiveCfg = Release|Any CPU
		{ED45FA51-8509-41DB-BE29-ABFFC1C2FF95}.Release|x64.Build.0 = Release|Any CPU
		{44AD0D80-681F-44B5-B216-F960F5A28A84}.Debug|Any CPU.ActiveCfg = Debug|Any CPU
		{44AD0D80-681F-44B5-B216-F960F5A28A84}.Debug|Any CPU.Build.0 = Debug|Any CPU
		{44AD0D80-681F-44B5-B216-F960F5A28A84}.Debug|x64.ActiveCfg = Debug|Any CPU
		{44AD0D80-681F-44B5-B216-F960F5A28A84}.Debug|x64.Build.0 = Debug|Any CPU
		{44AD0D80-681F-44B5-B216-F960F5A28A84}.Release|Any CPU.ActiveCfg = Release|Any CPU
		{44AD0D80-681F-44B5-B216-F960F5A28A84}.Release|Any CPU.Build.0 = Release|Any CPU
		{44AD0D80-681F-44B5-B216-F960F5A28A84}.Release|x64.ActiveCfg = Release|Any CPU
		{44AD0D80-681F-44B5-B216-F960F5A28A84}.Release|x64.Build.0 = Release|Any CPU
		{2AFC7987-8F72-4D17-A947-C031E68D73AB}.Debug|Any CPU.ActiveCfg = Debug|Any CPU
		{2AFC7987-8F72-4D17-A947-C031E68D73AB}.Debug|Any CPU.Build.0 = Debug|Any CPU
		{2AFC7987-8F72-4D17-A947-C031E68D73AB}.Debug|x64.ActiveCfg = Debug|Any CPU
		{2AFC7987-8F72-4D17-A947-C031E68D73AB}.Debug|x64.Build.0 = Debug|Any CPU
		{2AFC7987-8F72-4D17-A947-C031E68D73AB}.Release|Any CPU.ActiveCfg = Release|Any CPU
		{2AFC7987-8F72-4D17-A947-C031E68D73AB}.Release|Any CPU.Build.0 = Release|Any CPU
		{2AFC7987-8F72-4D17-A947-C031E68D73AB}.Release|x64.ActiveCfg = Release|Any CPU
		{2AFC7987-8F72-4D17-A947-C031E68D73AB}.Release|x64.Build.0 = Release|Any CPU
		{FDF5EA39-C0B5-4FFA-8E02-286380D150F0}.Debug|Any CPU.ActiveCfg = Debug|Any CPU
		{FDF5EA39-C0B5-4FFA-8E02-286380D150F0}.Debug|Any CPU.Build.0 = Debug|Any CPU
		{FDF5EA39-C0B5-4FFA-8E02-286380D150F0}.Debug|x64.ActiveCfg = Debug|Any CPU
		{FDF5EA39-C0B5-4FFA-8E02-286380D150F0}.Debug|x64.Build.0 = Debug|Any CPU
		{FDF5EA39-C0B5-4FFA-8E02-286380D150F0}.Release|Any CPU.ActiveCfg = Release|Any CPU
		{FDF5EA39-C0B5-4FFA-8E02-286380D150F0}.Release|Any CPU.Build.0 = Release|Any CPU
		{FDF5EA39-C0B5-4FFA-8E02-286380D150F0}.Release|x64.ActiveCfg = Release|Any CPU
		{FDF5EA39-C0B5-4FFA-8E02-286380D150F0}.Release|x64.Build.0 = Release|Any CPU
		{29F34F0E-BF22-4AFC-BC7A-EF78D597BFED}.Debug|Any CPU.ActiveCfg = Debug|Any CPU
		{29F34F0E-BF22-4AFC-BC7A-EF78D597BFED}.Debug|Any CPU.Build.0 = Debug|Any CPU
		{29F34F0E-BF22-4AFC-BC7A-EF78D597BFED}.Debug|x64.ActiveCfg = Debug|Any CPU
		{29F34F0E-BF22-4AFC-BC7A-EF78D597BFED}.Debug|x64.Build.0 = Debug|Any CPU
		{29F34F0E-BF22-4AFC-BC7A-EF78D597BFED}.Release|Any CPU.ActiveCfg = Release|Any CPU
		{29F34F0E-BF22-4AFC-BC7A-EF78D597BFED}.Release|Any CPU.Build.0 = Release|Any CPU
		{29F34F0E-BF22-4AFC-BC7A-EF78D597BFED}.Release|x64.ActiveCfg = Release|Any CPU
		{29F34F0E-BF22-4AFC-BC7A-EF78D597BFED}.Release|x64.Build.0 = Release|Any CPU
		{949CAF22-A43D-4EC3-897F-420D3672AB37}.Debug|Any CPU.ActiveCfg = Debug|Any CPU
		{949CAF22-A43D-4EC3-897F-420D3672AB37}.Debug|Any CPU.Build.0 = Debug|Any CPU
		{949CAF22-A43D-4EC3-897F-420D3672AB37}.Debug|x64.ActiveCfg = Debug|Any CPU
		{949CAF22-A43D-4EC3-897F-420D3672AB37}.Debug|x64.Build.0 = Debug|Any CPU
		{949CAF22-A43D-4EC3-897F-420D3672AB37}.Release|Any CPU.ActiveCfg = Release|Any CPU
		{949CAF22-A43D-4EC3-897F-420D3672AB37}.Release|Any CPU.Build.0 = Release|Any CPU
		{949CAF22-A43D-4EC3-897F-420D3672AB37}.Release|x64.ActiveCfg = Release|Any CPU
		{949CAF22-A43D-4EC3-897F-420D3672AB37}.Release|x64.Build.0 = Release|Any CPU
		{ED54EB77-834E-4E48-8062-5308085033EB}.Debug|Any CPU.ActiveCfg = Debug|Any CPU
		{ED54EB77-834E-4E48-8062-5308085033EB}.Debug|Any CPU.Build.0 = Debug|Any CPU
		{ED54EB77-834E-4E48-8062-5308085033EB}.Debug|x64.ActiveCfg = Debug|Any CPU
		{ED54EB77-834E-4E48-8062-5308085033EB}.Debug|x64.Build.0 = Debug|Any CPU
		{ED54EB77-834E-4E48-8062-5308085033EB}.Release|Any CPU.ActiveCfg = Release|Any CPU
		{ED54EB77-834E-4E48-8062-5308085033EB}.Release|Any CPU.Build.0 = Release|Any CPU
		{ED54EB77-834E-4E48-8062-5308085033EB}.Release|x64.ActiveCfg = Release|Any CPU
		{ED54EB77-834E-4E48-8062-5308085033EB}.Release|x64.Build.0 = Release|Any CPU
		{1C072137-2771-426D-B347-4DC5C3A8EBE2}.Debug|Any CPU.ActiveCfg = Debug|Any CPU
		{1C072137-2771-426D-B347-4DC5C3A8EBE2}.Debug|Any CPU.Build.0 = Debug|Any CPU
		{1C072137-2771-426D-B347-4DC5C3A8EBE2}.Debug|x64.ActiveCfg = Debug|Any CPU
		{1C072137-2771-426D-B347-4DC5C3A8EBE2}.Debug|x64.Build.0 = Debug|Any CPU
		{1C072137-2771-426D-B347-4DC5C3A8EBE2}.Release|Any CPU.ActiveCfg = Release|Any CPU
		{1C072137-2771-426D-B347-4DC5C3A8EBE2}.Release|Any CPU.Build.0 = Release|Any CPU
		{1C072137-2771-426D-B347-4DC5C3A8EBE2}.Release|x64.ActiveCfg = Release|Any CPU
		{1C072137-2771-426D-B347-4DC5C3A8EBE2}.Release|x64.Build.0 = Release|Any CPU
		{03C7C4C2-6AF6-410B-9B99-12579D2764EF}.Debug|Any CPU.ActiveCfg = Debug|Any CPU
		{03C7C4C2-6AF6-410B-9B99-12579D2764EF}.Debug|Any CPU.Build.0 = Debug|Any CPU
		{03C7C4C2-6AF6-410B-9B99-12579D2764EF}.Debug|x64.ActiveCfg = Debug|Any CPU
		{03C7C4C2-6AF6-410B-9B99-12579D2764EF}.Debug|x64.Build.0 = Debug|Any CPU
		{03C7C4C2-6AF6-410B-9B99-12579D2764EF}.Release|Any CPU.ActiveCfg = Release|Any CPU
		{03C7C4C2-6AF6-410B-9B99-12579D2764EF}.Release|Any CPU.Build.0 = Release|Any CPU
		{03C7C4C2-6AF6-410B-9B99-12579D2764EF}.Release|x64.ActiveCfg = Release|Any CPU
		{03C7C4C2-6AF6-410B-9B99-12579D2764EF}.Release|x64.Build.0 = Release|Any CPU
		{88A8A6FE-B678-4DC9-8757-5B4E915B19D0}.Debug|Any CPU.ActiveCfg = Debug|Any CPU
		{88A8A6FE-B678-4DC9-8757-5B4E915B19D0}.Debug|Any CPU.Build.0 = Debug|Any CPU
		{88A8A6FE-B678-4DC9-8757-5B4E915B19D0}.Debug|x64.ActiveCfg = Debug|Any CPU
		{88A8A6FE-B678-4DC9-8757-5B4E915B19D0}.Debug|x64.Build.0 = Debug|Any CPU
		{88A8A6FE-B678-4DC9-8757-5B4E915B19D0}.Release|Any CPU.ActiveCfg = Release|Any CPU
		{88A8A6FE-B678-4DC9-8757-5B4E915B19D0}.Release|Any CPU.Build.0 = Release|Any CPU
		{88A8A6FE-B678-4DC9-8757-5B4E915B19D0}.Release|x64.ActiveCfg = Release|Any CPU
		{88A8A6FE-B678-4DC9-8757-5B4E915B19D0}.Release|x64.Build.0 = Release|Any CPU
	EndGlobalSection
	GlobalSection(SolutionProperties) = preSolution
		HideSolutionNode = FALSE
	EndGlobalSection
	GlobalSection(NestedProjects) = preSolution
		{D31F9C00-7E70-45FA-874A-7F8CBEE67CDB} = {BEDCC8A8-544C-46DF-AF07-93509A224381}
		{7C1D544E-15E0-4EC6-9408-E4C3ED717221} = {741703AA-F84B-4F6E-B966-FF5CD89AFBD5}
		{0CC23824-8181-4CB6-8C7A-9F8B57EE10F0} = {741703AA-F84B-4F6E-B966-FF5CD89AFBD5}
		{707493AD-BF89-461A-B59B-F04FC3E51B00} = {741703AA-F84B-4F6E-B966-FF5CD89AFBD5}
		{3F970349-77EA-4FE5-BBAD-CC96BB19EC8A} = {BEDCC8A8-544C-46DF-AF07-93509A224381}
		{FCC600D3-9042-4927-A2D5-293725C5680E} = {741703AA-F84B-4F6E-B966-FF5CD89AFBD5}
		{7C4C5ABC-47D6-44B6-BEF3-7D32BE5F6DD0} = {F9ADD492-5E93-4E6B-A980-9E31382C7B9F}
		{8FA397BE-C8EE-4BD8-85E2-A7754568758F} = {BEDCC8A8-544C-46DF-AF07-93509A224381}
		{DC5FD84F-97BD-4422-A5FE-06E21483D823} = {BEDCC8A8-544C-46DF-AF07-93509A224381}
		{C681BDC3-820C-4FBF-B11E-82D3547FD625} = {7DF56E08-1AFF-4801-9645-E89F9B3F8240}
		{ED45FA51-8509-41DB-BE29-ABFFC1C2FF95} = {7DF56E08-1AFF-4801-9645-E89F9B3F8240}
		{44AD0D80-681F-44B5-B216-F960F5A28A84} = {BEDCC8A8-544C-46DF-AF07-93509A224381}
		{2AFC7987-8F72-4D17-A947-C031E68D73AB} = {253DD54B-EADF-4235-BD55-5A8986C10554}
		{FDF5EA39-C0B5-4FFA-8E02-286380D150F0} = {BEDCC8A8-544C-46DF-AF07-93509A224381}
		{29F34F0E-BF22-4AFC-BC7A-EF78D597BFED} = {BB7401FD-7D16-4EBF-9E8E-D4F660DEDE77}
		{949CAF22-A43D-4EC3-897F-420D3672AB37} = {154B79FE-56D6-4F29-ACB0-B2EA2ED3386A}
		{ED54EB77-834E-4E48-8062-5308085033EB} = {154B79FE-56D6-4F29-ACB0-B2EA2ED3386A}
		{1C072137-2771-426D-B347-4DC5C3A8EBE2} = {154B79FE-56D6-4F29-ACB0-B2EA2ED3386A}
		{03C7C4C2-6AF6-410B-9B99-12579D2764EF} = {154B79FE-56D6-4F29-ACB0-B2EA2ED3386A}
		{88A8A6FE-B678-4DC9-8757-5B4E915B19D0} = {741703AA-F84B-4F6E-B966-FF5CD89AFBD5}
	EndGlobalSection
	GlobalSection(ExtensibilityGlobals) = postSolution
		SolutionGuid = {34BA7B9C-BB88-4D59-8073-550B46F70DDC}
	EndGlobalSection
EndGlobal
